
Microsoft Visual Studio Solution File, Format Version 12.00
# Visual Studio Version 17
VisualStudioVersion = 17.14.36616.10
MinimumVisualStudioVersion = 10.0.40219.1
Project("{FAE04EC0-301F-11D3-BF4B-00C04F79EFBC}") = "WebApp_Core_Identity", "WebApp Core Identity\WebApp_Core_Identity.csproj", "{71419FF0-28AA-4DCB-8F14-A6A0A7DE583F}"
EndProject
Global
	GlobalSection(SolutionConfigurationPlatforms) = preSolution
		Debug|Any CPU = Debug|Any CPU
		Release|Any CPU = Release|Any CPU
	EndGlobalSection
	GlobalSection(ProjectConfigurationPlatforms) = postSolution
		{71419FF0-28AA-4DCB-8F14-A6A0A7DE583F}.Debug|Any CPU.ActiveCfg = Debug|Any CPU
		{71419FF0-28AA-4DCB-8F14-A6A0A7DE583F}.Debug|Any CPU.Build.0 = Debug|Any CPU
		{71419FF0-28AA-4DCB-8F14-A6A0A7DE583F}.Release|Any CPU.ActiveCfg = Release|Any CPU
		{71419FF0-28AA-4DCB-8F14-A6A0A7DE583F}.Release|Any CPU.Build.0 = Release|Any CPU
	EndGlobalSection
	GlobalSection(SolutionProperties) = preSolution
		HideSolutionNode = FALSE
	EndGlobalSection
	GlobalSection(ExtensibilityGlobals) = postSolution
		SolutionGuid = {22724683-B1C2-4F4A-B1E8-3B05F0400B78}
	EndGlobalSection
EndGlobal
